{
  "nodes": {
    "nixlib": {
      "locked": {
        "lastModified": 1636849918,
        "narHash": "sha256-nzUK6dPcTmNVrgTAC1EOybSMsrcx+QrVPyqRdyKLkjA=",
        "owner": "nix-community",
        "repo": "nixpkgs.lib",
        "rev": "28a5b0557f14124608db68d3ee1f77e9329e9dd5",
        "type": "github"
      },
      "original": {
        "owner": "nix-community",
        "repo": "nixpkgs.lib",
        "type": "github"
      }
    },
    "nixos-generators": {
      "inputs": {
        "nixlib": "nixlib",
        "nixpkgs": [
          "nixpkgs"
        ]
      },
      "locked": {
        "lastModified": 1640542138,
        "narHash": "sha256-2f+Dslfzkuj0pgBl+70lkiTCg+U2Q0TcOikwxpsU+Fk=",
        "owner": "nix-community",
        "repo": "nixos-generators",
        "rev": "296067b9c7a172d294831dec89d86847f30a7cfc",
        "type": "github"
      },
      "original": {
        "owner": "nix-community",
        "repo": "nixos-generators",
        "type": "github"
      }
    },
    "nixpkgs": {
      "locked": {
        "lastModified": 1642153645,
        "narHash": "sha256-2KITUEkw1YR/Z9g1kaeIY7RAln61j/NXCGie1H/we3k=",
        "owner": "NixOS",
        "repo": "nixpkgs",
        "rev": "fe6f208d68ac254873b659db9676d44dea9b0555",
        "type": "github"
      },
      "original": {
        "owner": "NixOS",
        "ref": "release-21.11",
        "repo": "nixpkgs",
        "type": "github"
      }
    },
    "root": {
      "inputs": {
        "nixos-generators": "nixos-generators",
        "nixpkgs": "nixpkgs"
      }
    }
  },
  "root": "root",
  "version": 7
}
